// !$*UTF8*$!
{
	archiveVersion = 1;
	classes = {
	};
	objectVersion = 46;
	objects = {

/* Begin PBXBuildFile section */
		5518590113E2785A00778555 /* ProgressSpinner.m in Sources */ = {isa = PBXBuildFile; fileRef = 5518590013E2785A00778555 /* ProgressSpinner.m */; };
		5518591013E2789100778555 /* CDataScanner.m in Sources */ = {isa = PBXBuildFile; fileRef = 5518590313E2789100778555 /* CDataScanner.m */; };
		5518591113E2789100778555 /* CJSONDataSerializer.m in Sources */ = {isa = PBXBuildFile; fileRef = 5518590513E2789100778555 /* CJSONDataSerializer.m */; };
		5518591213E2789100778555 /* CJSONDeserializer.m in Sources */ = {isa = PBXBuildFile; fileRef = 5518590713E2789100778555 /* CJSONDeserializer.m */; };
		5518591313E2789100778555 /* CJSONScanner.m in Sources */ = {isa = PBXBuildFile; fileRef = 5518590913E2789100778555 /* CJSONScanner.m */; };
		5518591413E2789100778555 /* CJSONSerializer.m in Sources */ = {isa = PBXBuildFile; fileRef = 5518590B13E2789100778555 /* CJSONSerializer.m */; };
		5518591513E2789100778555 /* CSerializedJSONData.m in Sources */ = {isa = PBXBuildFile; fileRef = 5518590D13E2789100778555 /* CSerializedJSONData.m */; };
		5518591F13E278A000778555 /* CDataScanner_Extensions.m in Sources */ = {isa = PBXBuildFile; fileRef = 5518591813E278A000778555 /* CDataScanner_Extensions.m */; };
		5518592013E278A000778555 /* NSCharacterSet_Extensions.m in Sources */ = {isa = PBXBuildFile; fileRef = 5518591A13E278A000778555 /* NSCharacterSet_Extensions.m */; };
		5518592113E278A000778555 /* NSDictionary_JSONExtensions.m in Sources */ = {isa = PBXBuildFile; fileRef = 5518591C13E278A000778555 /* NSDictionary_JSONExtensions.m */; };
		5518592213E278A000778555 /* NSScanner_Extensions.m in Sources */ = {isa = PBXBuildFile; fileRef = 5518591E13E278A000778555 /* NSScanner_Extensions.m */; };
		55596AFE13E275B5008DBD28 /* UIKit.framework in Frameworks */ = {isa = PBXBuildFile; fileRef = 55596AFD13E275B5008DBD28 /* UIKit.framework */; };
		55596B0013E275B5008DBD28 /* Foundation.framework in Frameworks */ = {isa = PBXBuildFile; fileRef = 55596AFF13E275B5008DBD28 /* Foundation.framework */; };
		55596B0213E275B5008DBD28 /* CoreGraphics.framework in Frameworks */ = {isa = PBXBuildFile; fileRef = 55596B0113E275B5008DBD28 /* CoreGraphics.framework */; };
		55596B0813E275B5008DBD28 /* InfoPlist.strings in Resources */ = {isa = PBXBuildFile; fileRef = 55596B0613E275B5008DBD28 /* InfoPlist.strings */; };
		55596B0B13E275B5008DBD28 /* main.m in Sources */ = {isa = PBXBuildFile; fileRef = 55596B0A13E275B5008DBD28 /* main.m */; };
		55596B0E13E275B5008DBD28 /* HNReaderAppDelegate.m in Sources */ = {isa = PBXBuildFile; fileRef = 55596B0D13E275B5008DBD28 /* HNReaderAppDelegate.m */; };
		55596B1113E275B5008DBD28 /* MainWindow.xib in Resources */ = {isa = PBXBuildFile; fileRef = 55596B0F13E275B5008DBD28 /* MainWindow.xib */; };
		55596B1413E275B5008DBD28 /* BaseViewContainer.m in Sources */ = {isa = PBXBuildFile; fileRef = 55596B1313E275B5008DBD28 /* BaseViewContainer.m */; };
		55596B1713E275B5008DBD28 /* HNReaderViewController.xib in Resources */ = {isa = PBXBuildFile; fileRef = 55596B1513E275B5008DBD28 /* HNReaderViewController.xib */; };
		55596B1E13E275B5008DBD28 /* UIKit.framework in Frameworks */ = {isa = PBXBuildFile; fileRef = 55596AFD13E275B5008DBD28 /* UIKit.framework */; };
		55596B1F13E275B5008DBD28 /* Foundation.framework in Frameworks */ = {isa = PBXBuildFile; fileRef = 55596AFF13E275B5008DBD28 /* Foundation.framework */; };
		55596B2013E275B5008DBD28 /* CoreGraphics.framework in Frameworks */ = {isa = PBXBuildFile; fileRef = 55596B0113E275B5008DBD28 /* CoreGraphics.framework */; };
		55596B2813E275B5008DBD28 /* InfoPlist.strings in Resources */ = {isa = PBXBuildFile; fileRef = 55596B2613E275B5008DBD28 /* InfoPlist.strings */; };
		55596B2B13E275B5008DBD28 /* HNReaderTests.h in Resources */ = {isa = PBXBuildFile; fileRef = 55596B2A13E275B5008DBD28 /* HNReaderTests.h */; };
		55596B2D13E275B5008DBD28 /* HNReaderTests.m in Sources */ = {isa = PBXBuildFile; fileRef = 55596B2C13E275B5008DBD28 /* HNReaderTests.m */; };
		5576BBA713E9BA29008F95BA /* CoreData.framework in Frameworks */ = {isa = PBXBuildFile; fileRef = 5576BBA613E9BA29008F95BA /* CoreData.framework */; };
		5576BBBD13E9CFF3008F95BA /* HNStarButton.m in Sources */ = {isa = PBXBuildFile; fileRef = 5576BBBC13E9CFF2008F95BA /* HNStarButton.m */; };
		5576BBD113E9FDC4008F95BA /* HNReader.xcdatamodeld in Sources */ = {isa = PBXBuildFile; fileRef = 5576BBCF13E9FDC4008F95BA /* HNReader.xcdatamodeld */; };
		5576BBD713EA4D3A008F95BA /* star_off.png in Resources */ = {isa = PBXBuildFile; fileRef = 5576BBD513EA4D3A008F95BA /* star_off.png */; };
		5576BBD813EA4D3A008F95BA /* star_on.png in Resources */ = {isa = PBXBuildFile; fileRef = 5576BBD613EA4D3A008F95BA /* star_on.png */; };
		558B60D913E2AB660014B37C /* MessageUI.framework in Frameworks */ = {isa = PBXBuildFile; fileRef = 558B60D813E2AB660014B37C /* MessageUI.framework */; };
		55E8E00A13E32C6800E72114 /* icon.png in Resources */ = {isa = PBXBuildFile; fileRef = 55E8E00913E32C6800E72114 /* icon.png */; };
		55FD98E213E36B7C00FD1C4A /* bluetab.png in Resources */ = {isa = PBXBuildFile; fileRef = 55FD98E013E36B7C00FD1C4A /* bluetab.png */; };
		55FD98E313E36B7C00FD1C4A /* orangetab.png in Resources */ = {isa = PBXBuildFile; fileRef = 55FD98E113E36B7C00FD1C4A /* orangetab.png */; };
/* End PBXBuildFile section */

/* Begin PBXContainerItemProxy section */
		55596B2113E275B5008DBD28 /* PBXContainerItemProxy */ = {
			isa = PBXContainerItemProxy;
			containerPortal = 55596AF013E275B5008DBD28 /* Project object */;
			proxyType = 1;
			remoteGlobalIDString = 55596AF813E275B5008DBD28;
			remoteInfo = HNReader;
		};
/* End PBXContainerItemProxy section */

/* Begin PBXFileReference section */
		551858FF13E2785A00778555 /* ProgressSpinner.h */ = {isa = PBXFileReference; fileEncoding = 4; lastKnownFileType = sourcecode.c.h; path = ProgressSpinner.h; sourceTree = "<group>"; };
		5518590013E2785A00778555 /* ProgressSpinner.m */ = {isa = PBXFileReference; fileEncoding = 4; lastKnownFileType = sourcecode.c.objc; path = ProgressSpinner.m; sourceTree = "<group>"; };
		5518590213E2789100778555 /* CDataScanner.h */ = {isa = PBXFileReference; fileEncoding = 4; lastKnownFileType = sourcecode.c.h; name = CDataScanner.h; path = JSON2/CDataScanner.h; sourceTree = "<group>"; };
		5518590313E2789100778555 /* CDataScanner.m */ = {isa = PBXFileReference; fileEncoding = 4; lastKnownFileType = sourcecode.c.objc; name = CDataScanner.m; path = JSON2/CDataScanner.m; sourceTree = "<group>"; };
		5518590413E2789100778555 /* CJSONDataSerializer.h */ = {isa = PBXFileReference; fileEncoding = 4; lastKnownFileType = sourcecode.c.h; name = CJSONDataSerializer.h; path = JSON2/CJSONDataSerializer.h; sourceTree = "<group>"; };
		5518590513E2789100778555 /* CJSONDataSerializer.m */ = {isa = PBXFileReference; fileEncoding = 4; lastKnownFileType = sourcecode.c.objc; name = CJSONDataSerializer.m; path = JSON2/CJSONDataSerializer.m; sourceTree = "<group>"; };
		5518590613E2789100778555 /* CJSONDeserializer.h */ = {isa = PBXFileReference; fileEncoding = 4; lastKnownFileType = sourcecode.c.h; name = CJSONDeserializer.h; path = JSON2/CJSONDeserializer.h; sourceTree = "<group>"; };
		5518590713E2789100778555 /* CJSONDeserializer.m */ = {isa = PBXFileReference; fileEncoding = 4; lastKnownFileType = sourcecode.c.objc; name = CJSONDeserializer.m; path = JSON2/CJSONDeserializer.m; sourceTree = "<group>"; };
		5518590813E2789100778555 /* CJSONScanner.h */ = {isa = PBXFileReference; fileEncoding = 4; lastKnownFileType = sourcecode.c.h; name = CJSONScanner.h; path = JSON2/CJSONScanner.h; sourceTree = "<group>"; };
		5518590913E2789100778555 /* CJSONScanner.m */ = {isa = PBXFileReference; fileEncoding = 4; lastKnownFileType = sourcecode.c.objc; name = CJSONScanner.m; path = JSON2/CJSONScanner.m; sourceTree = "<group>"; };
		5518590A13E2789100778555 /* CJSONSerializer.h */ = {isa = PBXFileReference; fileEncoding = 4; lastKnownFileType = sourcecode.c.h; name = CJSONSerializer.h; path = JSON2/CJSONSerializer.h; sourceTree = "<group>"; };
		5518590B13E2789100778555 /* CJSONSerializer.m */ = {isa = PBXFileReference; fileEncoding = 4; lastKnownFileType = sourcecode.c.objc; name = CJSONSerializer.m; path = JSON2/CJSONSerializer.m; sourceTree = "<group>"; };
		5518590C13E2789100778555 /* CSerializedJSONData.h */ = {isa = PBXFileReference; fileEncoding = 4; lastKnownFileType = sourcecode.c.h; name = CSerializedJSONData.h; path = JSON2/CSerializedJSONData.h; sourceTree = "<group>"; };
		5518590D13E2789100778555 /* CSerializedJSONData.m */ = {isa = PBXFileReference; fileEncoding = 4; lastKnownFileType = sourcecode.c.objc; name = CSerializedJSONData.m; path = JSON2/CSerializedJSONData.m; sourceTree = "<group>"; };
		5518590F13E2789100778555 /* JSONRepresentation.h */ = {isa = PBXFileReference; fileEncoding = 4; lastKnownFileType = sourcecode.c.h; name = JSONRepresentation.h; path = JSON2/JSONRepresentation.h; sourceTree = "<group>"; };
		5518591713E278A000778555 /* CDataScanner_Extensions.h */ = {isa = PBXFileReference; fileEncoding = 4; lastKnownFileType = sourcecode.c.h; name = CDataScanner_Extensions.h; path = JSON2/Extensions/CDataScanner_Extensions.h; sourceTree = "<group>"; };
		5518591813E278A000778555 /* CDataScanner_Extensions.m */ = {isa = PBXFileReference; fileEncoding = 4; lastKnownFileType = sourcecode.c.objc; name = CDataScanner_Extensions.m; path = JSON2/Extensions/CDataScanner_Extensions.m; sourceTree = "<group>"; };
		5518591913E278A000778555 /* NSCharacterSet_Extensions.h */ = {isa = PBXFileReference; fileEncoding = 4; lastKnownFileType = sourcecode.c.h; name = NSCharacterSet_Extensions.h; path = JSON2/Extensions/NSCharacterSet_Extensions.h; sourceTree = "<group>"; };
		5518591A13E278A000778555 /* NSCharacterSet_Extensions.m */ = {isa = PBXFileReference; fileEncoding = 4; lastKnownFileType = sourcecode.c.objc; name = NSCharacterSet_Extensions.m; path = JSON2/Extensions/NSCharacterSet_Extensions.m; sourceTree = "<group>"; };
		5518591B13E278A000778555 /* NSDictionary_JSONExtensions.h */ = {isa = PBXFileReference; fileEncoding = 4; lastKnownFileType = sourcecode.c.h; name = NSDictionary_JSONExtensions.h; path = JSON2/Extensions/NSDictionary_JSONExtensions.h; sourceTree = "<group>"; };
		5518591C13E278A000778555 /* NSDictionary_JSONExtensions.m */ = {isa = PBXFileReference; fileEncoding = 4; lastKnownFileType = sourcecode.c.objc; name = NSDictionary_JSONExtensions.m; path = JSON2/Extensions/NSDictionary_JSONExtensions.m; sourceTree = "<group>"; };
		5518591D13E278A000778555 /* NSScanner_Extensions.h */ = {isa = PBXFileReference; fileEncoding = 4; lastKnownFileType = sourcecode.c.h; name = NSScanner_Extensions.h; path = JSON2/Extensions/NSScanner_Extensions.h; sourceTree = "<group>"; };
		5518591E13E278A000778555 /* NSScanner_Extensions.m */ = {isa = PBXFileReference; fileEncoding = 4; lastKnownFileType = sourcecode.c.objc; name = NSScanner_Extensions.m; path = JSON2/Extensions/NSScanner_Extensions.m; sourceTree = "<group>"; };
		55596AF913E275B5008DBD28 /* HNReader.app */ = {isa = PBXFileReference; explicitFileType = wrapper.application; includeInIndex = 0; path = HNReader.app; sourceTree = BUILT_PRODUCTS_DIR; };
		55596AFD13E275B5008DBD28 /* UIKit.framework */ = {isa = PBXFileReference; lastKnownFileType = wrapper.framework; name = UIKit.framework; path = System/Library/Frameworks/UIKit.framework; sourceTree = SDKROOT; };
		55596AFF13E275B5008DBD28 /* Foundation.framework */ = {isa = PBXFileReference; lastKnownFileType = wrapper.framework; name = Foundation.framework; path = System/Library/Frameworks/Foundation.framework; sourceTree = SDKROOT; };
		55596B0113E275B5008DBD28 /* CoreGraphics.framework */ = {isa = PBXFileReference; lastKnownFileType = wrapper.framework; name = CoreGraphics.framework; path = System/Library/Frameworks/CoreGraphics.framework; sourceTree = SDKROOT; };
		55596B0513E275B5008DBD28 /* HNReader-Info.plist */ = {isa = PBXFileReference; lastKnownFileType = text.plist.xml; path = "HNReader-Info.plist"; sourceTree = "<group>"; };
		55596B0713E275B5008DBD28 /* InfoPlist.strings */ = {isa = PBXFileReference; lastKnownFileType = text.plist.strings; name = InfoPlist.strings; path = en.lproj/InfoPlist.strings; sourceTree = "<group>"; };
		55596B0913E275B5008DBD28 /* HNReader-Prefix.pch */ = {isa = PBXFileReference; lastKnownFileType = sourcecode.c.h; path = "HNReader-Prefix.pch"; sourceTree = "<group>"; };
		55596B0A13E275B5008DBD28 /* main.m */ = {isa = PBXFileReference; lastKnownFileType = sourcecode.c.objc; path = main.m; sourceTree = "<group>"; };
		55596B0C13E275B5008DBD28 /* HNReaderAppDelegate.h */ = {isa = PBXFileReference; lastKnownFileType = sourcecode.c.h; path = HNReaderAppDelegate.h; sourceTree = "<group>"; };
		55596B0D13E275B5008DBD28 /* HNReaderAppDelegate.m */ = {isa = PBXFileReference; lastKnownFileType = sourcecode.c.objc; path = HNReaderAppDelegate.m; sourceTree = "<group>"; };
		55596B1013E275B5008DBD28 /* MainWindow.xib */ = {isa = PBXFileReference; lastKnownFileType = file.xib; name = MainWindow.xib; path = en.lproj/MainWindow.xib; sourceTree = "<group>"; };
		55596B1213E275B5008DBD28 /* BaseViewContainer.h */ = {isa = PBXFileReference; lastKnownFileType = sourcecode.c.h; path = BaseViewContainer.h; sourceTree = "<group>"; };
		55596B1313E275B5008DBD28 /* BaseViewContainer.m */ = {isa = PBXFileReference; lastKnownFileType = sourcecode.c.objc; path = BaseViewContainer.m; sourceTree = "<group>"; };
		55596B1613E275B5008DBD28 /* HNReaderViewController.xib */ = {isa = PBXFileReference; lastKnownFileType = file.xib; name = HNReaderViewController.xib; path = en.lproj/HNReaderViewController.xib; sourceTree = "<group>"; };
		55596B1D13E275B5008DBD28 /* HNReaderTests.octest */ = {isa = PBXFileReference; explicitFileType = wrapper.cfbundle; includeInIndex = 0; path = HNReaderTests.octest; sourceTree = BUILT_PRODUCTS_DIR; };
		55596B2513E275B5008DBD28 /* HNReaderTests-Info.plist */ = {isa = PBXFileReference; lastKnownFileType = text.plist.xml; path = "HNReaderTests-Info.plist"; sourceTree = "<group>"; };
		55596B2713E275B5008DBD28 /* InfoPlist.strings */ = {isa = PBXFileReference; lastKnownFileType = text.plist.strings; name = InfoPlist.strings; path = en.lproj/InfoPlist.strings; sourceTree = "<group>"; };
		55596B2913E275B5008DBD28 /* HNReaderTests-Prefix.pch */ = {isa = PBXFileReference; lastKnownFileType = sourcecode.c.h; path = "HNReaderTests-Prefix.pch"; sourceTree = "<group>"; };
		55596B2A13E275B5008DBD28 /* HNReaderTests.h */ = {isa = PBXFileReference; lastKnownFileType = sourcecode.c.h; path = HNReaderTests.h; sourceTree = "<group>"; };
		55596B2C13E275B5008DBD28 /* HNReaderTests.m */ = {isa = PBXFileReference; lastKnownFileType = sourcecode.c.objc; path = HNReaderTests.m; sourceTree = "<group>"; };
		5576BBA613E9BA29008F95BA /* CoreData.framework */ = {isa = PBXFileReference; lastKnownFileType = wrapper.framework; name = CoreData.framework; path = System/Library/Frameworks/CoreData.framework; sourceTree = SDKROOT; };
		5576BBBB13E9CFF2008F95BA /* HNStarButton.h */ = {isa = PBXFileReference; fileEncoding = 4; lastKnownFileType = sourcecode.c.h; path = HNStarButton.h; sourceTree = "<group>"; };
		5576BBBC13E9CFF2008F95BA /* HNStarButton.m */ = {isa = PBXFileReference; fileEncoding = 4; lastKnownFileType = sourcecode.c.objc; path = HNStarButton.m; sourceTree = "<group>"; };
		5576BBD013E9FDC4008F95BA /* HNReader.xcdatamodel */ = {isa = PBXFileReference; lastKnownFileType = wrapper.xcdatamodel; path = HNReader.xcdatamodel; sourceTree = "<group>"; };
		5576BBD513EA4D3A008F95BA /* star_off.png */ = {isa = PBXFileReference; lastKnownFileType = image.png; name = star_off.png; path = Resources/images/star_off.png; sourceTree = "<group>"; };
		5576BBD613EA4D3A008F95BA /* star_on.png */ = {isa = PBXFileReference; lastKnownFileType = image.png; name = star_on.png; path = Resources/images/star_on.png; sourceTree = "<group>"; };
		558B60D813E2AB660014B37C /* MessageUI.framework */ = {isa = PBXFileReference; lastKnownFileType = wrapper.framework; name = MessageUI.framework; path = System/Library/Frameworks/MessageUI.framework; sourceTree = SDKROOT; };
		55E8E00913E32C6800E72114 /* icon.png */ = {isa = PBXFileReference; lastKnownFileType = image.png; path = icon.png; sourceTree = "<group>"; };
		55FD98E013E36B7C00FD1C4A /* bluetab.png */ = {isa = PBXFileReference; lastKnownFileType = image.png; name = bluetab.png; path = Resources/images/bluetab.png; sourceTree = "<group>"; };
		55FD98E113E36B7C00FD1C4A /* orangetab.png */ = {isa = PBXFileReference; lastKnownFileType = image.png; name = orangetab.png; path = Resources/images/orangetab.png; sourceTree = "<group>"; };
/* End PBXFileReference section */

/* Begin PBXFrameworksBuildPhase section */
		55596AF613E275B5008DBD28 /* Frameworks */ = {
			isa = PBXFrameworksBuildPhase;
			buildActionMask = 2147483647;
			files = (
				5576BBA713E9BA29008F95BA /* CoreData.framework in Frameworks */,
				558B60D913E2AB660014B37C /* MessageUI.framework in Frameworks */,
				55596AFE13E275B5008DBD28 /* UIKit.framework in Frameworks */,
				55596B0013E275B5008DBD28 /* Foundation.framework in Frameworks */,
				55596B0213E275B5008DBD28 /* CoreGraphics.framework in Frameworks */,
			);
			runOnlyForDeploymentPostprocessing = 0;
		};
		55596B1913E275B5008DBD28 /* Frameworks */ = {
			isa = PBXFrameworksBuildPhase;
			buildActionMask = 2147483647;
			files = (
				55596B1E13E275B5008DBD28 /* UIKit.framework in Frameworks */,
				55596B1F13E275B5008DBD28 /* Foundation.framework in Frameworks */,
				55596B2013E275B5008DBD28 /* CoreGraphics.framework in Frameworks */,
			);
			runOnlyForDeploymentPostprocessing = 0;
		};
/* End PBXFrameworksBuildPhase section */

/* Begin PBXGroup section */
		551858FB13E2781F00778555 /* ViewControllers */ = {
			isa = PBXGroup;
			children = (
				55596B0F13E275B5008DBD28 /* MainWindow.xib */,
				55596B1513E275B5008DBD28 /* HNReaderViewController.xib */,
				551858FF13E2785A00778555 /* ProgressSpinner.h */,
				5518590013E2785A00778555 /* ProgressSpinner.m */,
				55596B1213E275B5008DBD28 /* BaseViewContainer.h */,
				55596B1313E275B5008DBD28 /* BaseViewContainer.m */,
				5576BBBB13E9CFF2008F95BA /* HNStarButton.h */,
				5576BBBC13E9CFF2008F95BA /* HNStarButton.m */,
			);
			name = ViewControllers;
			sourceTree = "<group>";
		};
		551858FD13E2783000778555 /* JSON */ = {
			isa = PBXGroup;
			children = (
				5518590213E2789100778555 /* CDataScanner.h */,
				5518590313E2789100778555 /* CDataScanner.m */,
				5518590413E2789100778555 /* CJSONDataSerializer.h */,
				5518590513E2789100778555 /* CJSONDataSerializer.m */,
				5518590613E2789100778555 /* CJSONDeserializer.h */,
				5518590713E2789100778555 /* CJSONDeserializer.m */,
				5518590813E2789100778555 /* CJSONScanner.h */,
				5518590913E2789100778555 /* CJSONScanner.m */,
				5518590A13E2789100778555 /* CJSONSerializer.h */,
				5518590B13E2789100778555 /* CJSONSerializer.m */,
				5518590C13E2789100778555 /* CSerializedJSONData.h */,
				5518590D13E2789100778555 /* CSerializedJSONData.m */,
				5518591713E278A000778555 /* CDataScanner_Extensions.h */,
				5518591813E278A000778555 /* CDataScanner_Extensions.m */,
				5518591913E278A000778555 /* NSCharacterSet_Extensions.h */,
				5518591A13E278A000778555 /* NSCharacterSet_Extensions.m */,
				5518591B13E278A000778555 /* NSDictionary_JSONExtensions.h */,
				5518591C13E278A000778555 /* NSDictionary_JSONExtensions.m */,
				5518591D13E278A000778555 /* NSScanner_Extensions.h */,
				5518591E13E278A000778555 /* NSScanner_Extensions.m */,
				5518590F13E2789100778555 /* JSONRepresentation.h */,
			);
			name = JSON;
			sourceTree = "<group>";
		};
		55596AEE13E275B5008DBD28 = {
			isa = PBXGroup;
			children = (
				5576BBCF13E9FDC4008F95BA /* HNReader.xcdatamodeld */,
				55E8E00D13E32C8000E72114 /* Resources */,
				55596B0313E275B5008DBD28 /* HNReader */,
				55596B2313E275B5008DBD28 /* HNReaderTests */,
				55596AFC13E275B5008DBD28 /* Frameworks */,
				55596AFA13E275B5008DBD28 /* Products */,
			);
			sourceTree = "<group>";
		};
		55596AFA13E275B5008DBD28 /* Products */ = {
			isa = PBXGroup;
			children = (
				55596AF913E275B5008DBD28 /* HNReader.app */,
				55596B1D13E275B5008DBD28 /* HNReaderTests.octest */,
			);
			name = Products;
			sourceTree = "<group>";
		};
		55596AFC13E275B5008DBD28 /* Frameworks */ = {
			isa = PBXGroup;
			children = (
				5576BBA613E9BA29008F95BA /* CoreData.framework */,
				558B60D813E2AB660014B37C /* MessageUI.framework */,
				55596AFD13E275B5008DBD28 /* UIKit.framework */,
				55596AFF13E275B5008DBD28 /* Foundation.framework */,
				55596B0113E275B5008DBD28 /* CoreGraphics.framework */,
			);
			name = Frameworks;
			sourceTree = "<group>";
		};
		55596B0313E275B5008DBD28 /* HNReader */ = {
			isa = PBXGroup;
			children = (
				551858FD13E2783000778555 /* JSON */,
				551858FB13E2781F00778555 /* ViewControllers */,
				55596B0C13E275B5008DBD28 /* HNReaderAppDelegate.h */,
				55596B0D13E275B5008DBD28 /* HNReaderAppDelegate.m */,
				55596B0413E275B5008DBD28 /* Supporting Files */,
			);
			path = HNReader;
			sourceTree = "<group>";
		};
		55596B0413E275B5008DBD28 /* Supporting Files */ = {
			isa = PBXGroup;
			children = (
				55596B0513E275B5008DBD28 /* HNReader-Info.plist */,
				55596B0613E275B5008DBD28 /* InfoPlist.strings */,
				55596B0913E275B5008DBD28 /* HNReader-Prefix.pch */,
				55596B0A13E275B5008DBD28 /* main.m */,
			);
			name = "Supporting Files";
			sourceTree = "<group>";
		};
		55596B2313E275B5008DBD28 /* HNReaderTests */ = {
			isa = PBXGroup;
			children = (
				55596B2A13E275B5008DBD28 /* HNReaderTests.h */,
				55596B2C13E275B5008DBD28 /* HNReaderTests.m */,
				55596B2413E275B5008DBD28 /* Supporting Files */,
			);
			path = HNReaderTests;
			sourceTree = "<group>";
		};
		55596B2413E275B5008DBD28 /* Supporting Files */ = {
			isa = PBXGroup;
			children = (
				55596B2513E275B5008DBD28 /* HNReaderTests-Info.plist */,
				55596B2613E275B5008DBD28 /* InfoPlist.strings */,
				55596B2913E275B5008DBD28 /* HNReaderTests-Prefix.pch */,
			);
			name = "Supporting Files";
			sourceTree = "<group>";
		};
		55E8E00C13E32C6C00E72114 /* images */ = {
			isa = PBXGroup;
			children = (
				5576BBD513EA4D3A008F95BA /* star_off.png */,
				5576BBD613EA4D3A008F95BA /* star_on.png */,
				55FD98E013E36B7C00FD1C4A /* bluetab.png */,
				55FD98E113E36B7C00FD1C4A /* orangetab.png */,
				55E8E00913E32C6800E72114 /* icon.png */,
			);
			name = images;
			sourceTree = "<group>";
		};
		55E8E00D13E32C8000E72114 /* Resources */ = {
			isa = PBXGroup;
			children = (
				55E8E00C13E32C6C00E72114 /* images */,
			);
			name = Resources;
			sourceTree = "<group>";
		};
/* End PBXGroup section */

/* Begin PBXNativeTarget section */
		55596AF813E275B5008DBD28 /* HNReader */ = {
			isa = PBXNativeTarget;
			buildConfigurationList = 55596B3013E275B5008DBD28 /* Build configuration list for PBXNativeTarget "HNReader" */;
			buildPhases = (
				55596AF513E275B5008DBD28 /* Sources */,
				55596AF613E275B5008DBD28 /* Frameworks */,
				55596AF713E275B5008DBD28 /* Resources */,
			);
			buildRules = (
			);
			dependencies = (
			);
			name = HNReader;
			productName = HNReader;
			productReference = 55596AF913E275B5008DBD28 /* HNReader.app */;
			productType = "com.apple.product-type.application";
		};
		55596B1C13E275B5008DBD28 /* HNReaderTests */ = {
			isa = PBXNativeTarget;
			buildConfigurationList = 55596B3313E275B5008DBD28 /* Build configuration list for PBXNativeTarget "HNReaderTests" */;
			buildPhases = (
				55596B1813E275B5008DBD28 /* Sources */,
				55596B1913E275B5008DBD28 /* Frameworks */,
				55596B1A13E275B5008DBD28 /* Resources */,
				55596B1B13E275B5008DBD28 /* ShellScript */,
			);
			buildRules = (
			);
			dependencies = (
				55596B2213E275B5008DBD28 /* PBXTargetDependency */,
			);
			name = HNReaderTests;
			productName = HNReaderTests;
			productReference = 55596B1D13E275B5008DBD28 /* HNReaderTests.octest */;
			productType = "com.apple.product-type.bundle";
		};
/* End PBXNativeTarget section */

/* Begin PBXProject section */
		55596AF013E275B5008DBD28 /* Project object */ = {
			isa = PBXProject;
			buildConfigurationList = 55596AF313E275B5008DBD28 /* Build configuration list for PBXProject "HNReader" */;
			compatibilityVersion = "Xcode 3.2";
			developmentRegion = English;
			hasScannedForEncodings = 0;
			knownRegions = (
				en,
			);
			mainGroup = 55596AEE13E275B5008DBD28;
			productRefGroup = 55596AFA13E275B5008DBD28 /* Products */;
			projectDirPath = "";
			projectRoot = "";
			targets = (
				55596AF813E275B5008DBD28 /* HNReader */,
				55596B1C13E275B5008DBD28 /* HNReaderTests */,
			);
		};
/* End PBXProject section */

/* Begin PBXResourcesBuildPhase section */
		55596AF713E275B5008DBD28 /* Resources */ = {
			isa = PBXResourcesBuildPhase;
			buildActionMask = 2147483647;
			files = (
				55596B0813E275B5008DBD28 /* InfoPlist.strings in Resources */,
				55596B1113E275B5008DBD28 /* MainWindow.xib in Resources */,
				55596B1713E275B5008DBD28 /* HNReaderViewController.xib in Resources */,
				55E8E00A13E32C6800E72114 /* icon.png in Resources */,
				55FD98E213E36B7C00FD1C4A /* bluetab.png in Resources */,
				55FD98E313E36B7C00FD1C4A /* orangetab.png in Resources */,
				5576BBD713EA4D3A008F95BA /* star_off.png in Resources */,
				5576BBD813EA4D3A008F95BA /* star_on.png in Resources */,
			);
			runOnlyForDeploymentPostprocessing = 0;
		};
		55596B1A13E275B5008DBD28 /* Resources */ = {
			isa = PBXResourcesBuildPhase;
			buildActionMask = 2147483647;
			files = (
				55596B2813E275B5008DBD28 /* InfoPlist.strings in Resources */,
				55596B2B13E275B5008DBD28 /* HNReaderTests.h in Resources */,
			);
			runOnlyForDeploymentPostprocessing = 0;
		};
/* End PBXResourcesBuildPhase section */

/* Begin PBXShellScriptBuildPhase section */
		55596B1B13E275B5008DBD28 /* ShellScript */ = {
			isa = PBXShellScriptBuildPhase;
			buildActionMask = 2147483647;
			files = (
			);
			inputPaths = (
			);
			outputPaths = (
			);
			runOnlyForDeploymentPostprocessing = 0;
			shellPath = /bin/sh;
			shellScript = "# Run the unit tests in this test bundle.\n\"${SYSTEM_DEVELOPER_DIR}/Tools/RunUnitTests\"\n";
		};
/* End PBXShellScriptBuildPhase section */

/* Begin PBXSourcesBuildPhase section */
		55596AF513E275B5008DBD28 /* Sources */ = {
			isa = PBXSourcesBuildPhase;
			buildActionMask = 2147483647;
			files = (
				55596B0B13E275B5008DBD28 /* main.m in Sources */,
				55596B0E13E275B5008DBD28 /* HNReaderAppDelegate.m in Sources */,
				55596B1413E275B5008DBD28 /* BaseViewContainer.m in Sources */,
				5518590113E2785A00778555 /* ProgressSpinner.m in Sources */,
				5518591013E2789100778555 /* CDataScanner.m in Sources */,
				5518591113E2789100778555 /* CJSONDataSerializer.m in Sources */,
				5518591213E2789100778555 /* CJSONDeserializer.m in Sources */,
				5518591313E2789100778555 /* CJSONScanner.m in Sources */,
				5518591413E2789100778555 /* CJSONSerializer.m in Sources */,
				5518591513E2789100778555 /* CSerializedJSONData.m in Sources */,
				5518591F13E278A000778555 /* CDataScanner_Extensions.m in Sources */,
				5518592013E278A000778555 /* NSCharacterSet_Extensions.m in Sources */,
				5518592113E278A000778555 /* NSDictionary_JSONExtensions.m in Sources */,
				5518592213E278A000778555 /* NSScanner_Extensions.m in Sources */,
				5576BBBD13E9CFF3008F95BA /* HNStarButton.m in Sources */,
				5576BBD113E9FDC4008F95BA /* HNReader.xcdatamodeld in Sources */,
			);
			runOnlyForDeploymentPostprocessing = 0;
		};
		55596B1813E275B5008DBD28 /* Sources */ = {
			isa = PBXSourcesBuildPhase;
			buildActionMask = 2147483647;
			files = (
				55596B2D13E275B5008DBD28 /* HNReaderTests.m in Sources */,
			);
			runOnlyForDeploymentPostprocessing = 0;
		};
/* End PBXSourcesBuildPhase section */

/* Begin PBXTargetDependency section */
		55596B2213E275B5008DBD28 /* PBXTargetDependency */ = {
			isa = PBXTargetDependency;
			target = 55596AF813E275B5008DBD28 /* HNReader */;
			targetProxy = 55596B2113E275B5008DBD28 /* PBXContainerItemProxy */;
		};
/* End PBXTargetDependency section */

/* Begin PBXVariantGroup section */
		55596B0613E275B5008DBD28 /* InfoPlist.strings */ = {
			isa = PBXVariantGroup;
			children = (
				55596B0713E275B5008DBD28 /* InfoPlist.strings */,
			);
			name = InfoPlist.strings;
			sourceTree = "<group>";
		};
		55596B0F13E275B5008DBD28 /* MainWindow.xib */ = {
			isa = PBXVariantGroup;
			children = (
				55596B1013E275B5008DBD28 /* MainWindow.xib */,
			);
			name = MainWindow.xib;
			sourceTree = "<group>";
		};
		55596B1513E275B5008DBD28 /* HNReaderViewController.xib */ = {
			isa = PBXVariantGroup;
			children = (
				55596B1613E275B5008DBD28 /* HNReaderViewController.xib */,
			);
			name = HNReaderViewController.xib;
			sourceTree = "<group>";
		};
		55596B2613E275B5008DBD28 /* InfoPlist.strings */ = {
			isa = PBXVariantGroup;
			children = (
				55596B2713E275B5008DBD28 /* InfoPlist.strings */,
			);
			name = InfoPlist.strings;
			sourceTree = "<group>";
		};
/* End PBXVariantGroup section */

/* Begin XCBuildConfiguration section */
		55596B2E13E275B5008DBD28 /* Debug */ = {
			isa = XCBuildConfiguration;
			buildSettings = {
				ARCHS = "$(ARCHS_UNIVERSAL_IPHONE_OS)";
				"CODE_SIGN_IDENTITY[sdk=iphoneos*]" = "iPhone Developer";
				GCC_C_LANGUAGE_STANDARD = gnu99;
				GCC_OPTIMIZATION_LEVEL = 0;
				GCC_PREPROCESSOR_DEFINITIONS = DEBUG;
				GCC_SYMBOLS_PRIVATE_EXTERN = NO;
				GCC_VERSION = com.apple.compilers.llvmgcc42;
				GCC_WARN_ABOUT_RETURN_TYPE = YES;
				GCC_WARN_UNUSED_VARIABLE = YES;
				IPHONEOS_DEPLOYMENT_TARGET = 4.3;
				SDKROOT = iphoneos;
				TARGETED_DEVICE_FAMILY = 2;
			};
			name = Debug;
		};
		55596B2F13E275B5008DBD28 /* Release */ = {
			isa = XCBuildConfiguration;
			buildSettings = {
				ARCHS = "$(ARCHS_UNIVERSAL_IPHONE_OS)";
				"CODE_SIGN_IDENTITY[sdk=iphoneos*]" = "iPhone Developer";
				GCC_C_LANGUAGE_STANDARD = gnu99;
				GCC_VERSION = com.apple.compilers.llvmgcc42;
				GCC_WARN_ABOUT_RETURN_TYPE = YES;
				GCC_WARN_UNUSED_VARIABLE = YES;
				IPHONEOS_DEPLOYMENT_TARGET = 4.3;
				OTHER_CFLAGS = "-DNS_BLOCK_ASSERTIONS=1";
				SDKROOT = iphoneos;
				TARGETED_DEVICE_FAMILY = 2;
			};
			name = Release;
		};
		55596B3113E275B5008DBD28 /* Debug */ = {
			isa = XCBuildConfiguration;
			buildSettings = {
				ALWAYS_SEARCH_USER_PATHS = NO;
				"CODE_SIGN_IDENTITY[sdk=iphoneos*]" = "iPhone Developer: Rob Smith (7QARJJMT67)";
				COPY_PHASE_STRIP = NO;
				GCC_DYNAMIC_NO_PIC = NO;
				GCC_PRECOMPILE_PREFIX_HEADER = YES;
				GCC_PREFIX_HEADER = "HNReader/HNReader-Prefix.pch";
				INFOPLIST_FILE = "HNReader/HNReader-Info.plist";
				PRODUCT_NAME = "$(TARGET_NAME)";
				"PROVISIONING_PROFILE[sdk=iphoneos*]" = "A56222E3-E528-456E-B163-D525941727F6";
				WRAPPER_EXTENSION = app;
			};
			name = Debug;
		};
		55596B3213E275B5008DBD28 /* Release */ = {
			isa = XCBuildConfiguration;
			buildSettings = {
				ALWAYS_SEARCH_USER_PATHS = NO;
				"CODE_SIGN_IDENTITY[sdk=iphoneos*]" = "iPhone Developer: Rob Smith (7QARJJMT67)";
				COPY_PHASE_STRIP = YES;
				GCC_PRECOMPILE_PREFIX_HEADER = YES;
				GCC_PREFIX_HEADER = "HNReader/HNReader-Prefix.pch";
				INFOPLIST_FILE = "HNReader/HNReader-Info.plist";
				PRODUCT_NAME = "$(TARGET_NAME)";
				"PROVISIONING_PROFILE[sdk=iphoneos*]" = "A56222E3-E528-456E-B163-D525941727F6";
				VALIDATE_PRODUCT = YES;
				WRAPPER_EXTENSION = app;
			};
			name = Release;
		};
		55596B3413E275B5008DBD28 /* Debug */ = {
			isa = XCBuildConfiguration;
			buildSettings = {
				ALWAYS_SEARCH_USER_PATHS = NO;
				ARCHS = "$(ARCHS_STANDARD_32_BIT)";
				BUNDLE_LOADER = "$(BUILT_PRODUCTS_DIR)/HNReader.app/HNReader";
				FRAMEWORK_SEARCH_PATHS = (
					"$(SDKROOT)/Developer/Library/Frameworks",
					"$(DEVELOPER_LIBRARY_DIR)/Frameworks",
				);
				GCC_PRECOMPILE_PREFIX_HEADER = YES;
				GCC_PREFIX_HEADER = "HNReaderTests/HNReaderTests-Prefix.pch";
				INFOPLIST_FILE = "HNReaderTests/HNReaderTests-Info.plist";
				OTHER_LDFLAGS = (
					"-framework",
					SenTestingKit,
				);
				PRODUCT_NAME = "$(TARGET_NAME)";
				TEST_HOST = "$(BUNDLE_LOADER)";
				WRAPPER_EXTENSION = octest;
			};
			name = Debug;
		};
		55596B3513E275B5008DBD28 /* Release */ = {
			isa = XCBuildConfiguration;
			buildSettings = {
				ALWAYS_SEARCH_USER_PATHS = NO;
				ARCHS = "$(ARCHS_STANDARD_32_BIT)";
				BUNDLE_LOADER = "$(BUILT_PRODUCTS_DIR)/HNReader.app/HNReader";
				FRAMEWORK_SEARCH_PATHS = (
					"$(SDKROOT)/Developer/Library/Frameworks",
					"$(DEVELOPER_LIBRARY_DIR)/Frameworks",
				);
				GCC_PRECOMPILE_PREFIX_HEADER = YES;
				GCC_PREFIX_HEADER = "HNReaderTests/HNReaderTests-Prefix.pch";
				INFOPLIST_FILE = "HNReaderTests/HNReaderTests-Info.plist";
				OTHER_LDFLAGS = (
					"-framework",
					SenTestingKit,
				);
				PRODUCT_NAME = "$(TARGET_NAME)";
				TEST_HOST = "$(BUNDLE_LOADER)";
				WRAPPER_EXTENSION = octest;
			};
			name = Release;
		};
/* End XCBuildConfiguration section */

/* Begin XCConfigurationList section */
		55596AF313E275B5008DBD28 /* Build configuration list for PBXProject "HNReader" */ = {
			isa = XCConfigurationList;
			buildConfigurations = (
				55596B2E13E275B5008DBD28 /* Debug */,
				55596B2F13E275B5008DBD28 /* Release */,
			);
			defaultConfigurationIsVisible = 0;
			defaultConfigurationName = Release;
		};
		55596B3013E275B5008DBD28 /* Build configuration list for PBXNativeTarget "HNReader" */ = {
			isa = XCConfigurationList;
			buildConfigurations = (
				55596B3113E275B5008DBD28 /* Debug */,
				55596B3213E275B5008DBD28 /* Release */,
			);
			defaultConfigurationIsVisible = 0;
			defaultConfigurationName = Release;
		};
		55596B3313E275B5008DBD28 /* Build configuration list for PBXNativeTarget "HNReaderTests" */ = {
			isa = XCConfigurationList;
			buildConfigurations = (
				55596B3413E275B5008DBD28 /* Debug */,
				55596B3513E275B5008DBD28 /* Release */,
			);
			defaultConfigurationIsVisible = 0;
			defaultConfigurationName = Release;
		};
/* End XCConfigurationList section */

/* Begin XCVersionGroup section */
		5576BBCF13E9FDC4008F95BA /* HNReader.xcdatamodeld */ = {
			isa = XCVersionGroup;
			children = (
				5576BBD013E9FDC4008F95BA /* HNReader.xcdatamodel */,
			);
			currentVersion = 5576BBD013E9FDC4008F95BA /* HNReader.xcdatamodel */;
			path = HNReader.xcdatamodeld;
			sourceTree = "<group>";
			versionGroupType = wrapper.xcdatamodel;
		};
/* End XCVersionGroup section */
	};
	rootObject = 55596AF013E275B5008DBD28 /* Project object */;
}
